// !$*UTF8*$!
{
	archiveVersion = 1;
	classes = {
	};
	objectVersion = 50;
	objects = {

/* Begin PBXBuildFile section */
		B7189ACE26EE2A6F00CB9719 /* VerifyPasswordViewModel.swift in Sources */ = {isa = PBXBuildFile; fileRef = B7189ACD26EE2A6F00CB9719 /* VerifyPasswordViewModel.swift */; };
		B743389B26DE2FAE004BBC05 /* Password.storyboard in Resources */ = {isa = PBXBuildFile; fileRef = B743389226DE2FAE004BBC05 /* Password.storyboard */; };
		B743389C26DE2FAE004BBC05 /* ChangePasswordSuccessViewController.swift in Sources */ = {isa = PBXBuildFile; fileRef = B743389326DE2FAE004BBC05 /* ChangePasswordSuccessViewController.swift */; };
		B743389D26DE2FAE004BBC05 /* OldPasswordViewController.swift in Sources */ = {isa = PBXBuildFile; fileRef = B743389426DE2FAE004BBC05 /* OldPasswordViewController.swift */; };
		B743389E26DE2FAF004BBC05 /* ChangePasswordViewController.swift in Sources */ = {isa = PBXBuildFile; fileRef = B743389526DE2FAE004BBC05 /* ChangePasswordViewController.swift */; };
		B743389F26DE2FAF004BBC05 /* OldPasswordTableViewCell.xib in Resources */ = {isa = PBXBuildFile; fileRef = B743389726DE2FAE004BBC05 /* OldPasswordTableViewCell.xib */; };
		B74338A026DE2FAF004BBC05 /* OldPasswordTableViewCell.swift in Sources */ = {isa = PBXBuildFile; fileRef = B743389826DE2FAE004BBC05 /* OldPasswordTableViewCell.swift */; };
		B74338A126DE2FAF004BBC05 /* ChangePasswordTableViewCell.xib in Resources */ = {isa = PBXBuildFile; fileRef = B743389926DE2FAE004BBC05 /* ChangePasswordTableViewCell.xib */; };
		B74338A226DE2FAF004BBC05 /* ChangePasswordTableViewCell.swift in Sources */ = {isa = PBXBuildFile; fileRef = B743389A26DE2FAE004BBC05 /* ChangePasswordTableViewCell.swift */; };
		B74338A826DE4794004BBC05 /* CheckEmailViewController.swift in Sources */ = {isa = PBXBuildFile; fileRef = B74338A726DE4794004BBC05 /* CheckEmailViewController.swift */; };
		B74338AA26DE5689004BBC05 /* ForgotPasswordViewController.swift in Sources */ = {isa = PBXBuildFile; fileRef = B74338A926DE5689004BBC05 /* ForgotPasswordViewController.swift */; };
		B74338AC26DE765B004BBC05 /* EnterCodeViewController.swift in Sources */ = {isa = PBXBuildFile; fileRef = B74338AB26DE765B004BBC05 /* EnterCodeViewController.swift */; };
		B74CEF1626C50733006B1F2C /* Networking.framework in Frameworks */ = {isa = PBXBuildFile; fileRef = B74CEF1526C50733006B1F2C /* Networking.framework */; };
		B74CEF1726C50733006B1F2C /* Networking.framework in Embed Frameworks */ = {isa = PBXBuildFile; fileRef = B74CEF1526C50733006B1F2C /* Networking.framework */; settings = {ATTRIBUTES = (CodeSignOnCopy, RemoveHeadersOnCopy, ); }; };
		B758AC5F26F46D1600A4A5FB /* MergeAccountViewController.swift in Sources */ = {isa = PBXBuildFile; fileRef = B758AC5E26F46D1600A4A5FB /* MergeAccountViewController.swift */; };
		B758AC6126F4792300A4A5FB /* MergeAccountViewModel.swift in Sources */ = {isa = PBXBuildFile; fileRef = B758AC6026F4792300A4A5FB /* MergeAccountViewModel.swift */; };
		B758AC6326F47F8600A4A5FB /* EnterCodeViewModel.swift in Sources */ = {isa = PBXBuildFile; fileRef = B758AC6226F47F8600A4A5FB /* EnterCodeViewModel.swift */; };
		B768499C26C3EC5100C438C5 /* ResendEmailViewModel.swift in Sources */ = {isa = PBXBuildFile; fileRef = B768499B26C3EC5100C438C5 /* ResendEmailViewModel.swift */; };
		B789821626DF49530057D7CC /* ChangePasswordViewModel.swift in Sources */ = {isa = PBXBuildFile; fileRef = B789821526DF49530057D7CC /* ChangePasswordViewModel.swift */; };
		B7910DE726AFC9E60097C94E /* Authen.swift in Sources */ = {isa = PBXBuildFile; fileRef = B7910DE626AFC9E60097C94E /* Authen.swift */; };
		B7910DEC26AFCD880097C94E /* Core.framework in Frameworks */ = {isa = PBXBuildFile; fileRef = B7910DEB26AFCD880097C94E /* Core.framework */; };
		B7910DED26AFCD880097C94E /* Core.framework in Embed Frameworks */ = {isa = PBXBuildFile; fileRef = B7910DEB26AFCD880097C94E /* Core.framework */; settings = {ATTRIBUTES = (CodeSignOnCopy, RemoveHeadersOnCopy, ); }; };
		B7910E0526B126090097C94E /* Authen.storyboard in Resources */ = {isa = PBXBuildFile; fileRef = B7910E0426B126090097C94E /* Authen.storyboard */; };
		B7910E0726B1264F0097C94E /* SignUpMethodViewController.swift in Sources */ = {isa = PBXBuildFile; fileRef = B7910E0626B1264F0097C94E /* SignUpMethodViewController.swift */; };
		B7910E0A26B1268E0097C94E /* AuthenNibVars.swift in Sources */ = {isa = PBXBuildFile; fileRef = B7910E0926B1268E0097C94E /* AuthenNibVars.swift */; };
		B7910E0C26B126A80097C94E /* AuthenOpener.swift in Sources */ = {isa = PBXBuildFile; fileRef = B7910E0B26B126A80097C94E /* AuthenOpener.swift */; };
		B7910E1A26B3B83D0097C94E /* SignInViewController.swift in Sources */ = {isa = PBXBuildFile; fileRef = B7910E1926B3B83D0097C94E /* SignInViewController.swift */; };
		B7910E1C26B3BB700097C94E /* Component.framework in Frameworks */ = {isa = PBXBuildFile; fileRef = B7910E1B26B3BB700097C94E /* Component.framework */; };
		B7910E1D26B3BB700097C94E /* Component.framework in Embed Frameworks */ = {isa = PBXBuildFile; fileRef = B7910E1B26B3BB700097C94E /* Component.framework */; settings = {ATTRIBUTES = (CodeSignOnCopy, RemoveHeadersOnCopy, ); }; };
		B7910E2026B411030097C94E /* SignInSectionController.swift in Sources */ = {isa = PBXBuildFile; fileRef = B7910E1F26B411030097C94E /* SignInSectionController.swift */; };
		B7910E2426B4185D0097C94E /* SignInCell.swift in Sources */ = {isa = PBXBuildFile; fileRef = B7910E2226B4185D0097C94E /* SignInCell.swift */; };
		B7910E2526B4185D0097C94E /* SignInCell.xib in Resources */ = {isa = PBXBuildFile; fileRef = B7910E2326B4185D0097C94E /* SignInCell.xib */; };
		B7910E4526B7EE6E0097C94E /* EmailSectionController.swift in Sources */ = {isa = PBXBuildFile; fileRef = B7910E4426B7EE6E0097C94E /* EmailSectionController.swift */; };
		B7910E4726B7F34C0097C94E /* EmailViewController.swift in Sources */ = {isa = PBXBuildFile; fileRef = B7910E4626B7F34C0097C94E /* EmailViewController.swift */; };
		B7910E4A26B7FD090097C94E /* EmailCell.swift in Sources */ = {isa = PBXBuildFile; fileRef = B7910E4826B7FD090097C94E /* EmailCell.swift */; };
		B7910E4B26B7FD090097C94E /* EmailCell.xib in Resources */ = {isa = PBXBuildFile; fileRef = B7910E4926B7FD090097C94E /* EmailCell.xib */; };
		B7910E4D26B82C690097C94E /* CreatePasswordViewController.swift in Sources */ = {isa = PBXBuildFile; fileRef = B7910E4C26B82C690097C94E /* CreatePasswordViewController.swift */; };
		B7910E5026B82CC40097C94E /* CreatePasswordCell.swift in Sources */ = {isa = PBXBuildFile; fileRef = B7910E4E26B82CC40097C94E /* CreatePasswordCell.swift */; };
		B7910E5126B82CC40097C94E /* CreatePasswordCell.xib in Resources */ = {isa = PBXBuildFile; fileRef = B7910E4F26B82CC40097C94E /* CreatePasswordCell.xib */; };
		B7910E5326B82EE00097C94E /* CreatePasswordSectionController.swift in Sources */ = {isa = PBXBuildFile; fileRef = B7910E5226B82EE00097C94E /* CreatePasswordSectionController.swift */; };
		B7910E5526B835DB0097C94E /* CreateDisplayNameViewController.swift in Sources */ = {isa = PBXBuildFile; fileRef = B7910E5426B835DB0097C94E /* CreateDisplayNameViewController.swift */; };
		B7910E5826B836100097C94E /* CreateDisplayNameCell.swift in Sources */ = {isa = PBXBuildFile; fileRef = B7910E5626B836100097C94E /* CreateDisplayNameCell.swift */; };
		B7910E5926B836100097C94E /* CreateDisplayNameCell.xib in Resources */ = {isa = PBXBuildFile; fileRef = B7910E5726B836100097C94E /* CreateDisplayNameCell.xib */; };
		B7910E5B26B8368B0097C94E /* CreateDisplayNameSectionController.swift in Sources */ = {isa = PBXBuildFile; fileRef = B7910E5A26B8368B0097C94E /* CreateDisplayNameSectionController.swift */; };
		B7910E5D26B83FEB0097C94E /* VerifyEmailViewController.swift in Sources */ = {isa = PBXBuildFile; fileRef = B7910E5C26B83FEB0097C94E /* VerifyEmailViewController.swift */; };
		B7910E6026B842740097C94E /* Assets.xcassets in Resources */ = {isa = PBXBuildFile; fileRef = B7910E5F26B842740097C94E /* Assets.xcassets */; };
		B7910E6226B8F52B0097C94E /* ResendEmailViewController.swift in Sources */ = {isa = PBXBuildFile; fileRef = B7910E6126B8F52B0097C94E /* ResendEmailViewController.swift */; };
		B7910EDE26C107590097C94E /* EmailViewModel.swift in Sources */ = {isa = PBXBuildFile; fileRef = B7910EDD26C107590097C94E /* EmailViewModel.swift */; };
		B7B1E3D226A92C48006E2FF6 /* Authen.h in Headers */ = {isa = PBXBuildFile; fileRef = B7B1E3D026A92C48006E2FF6 /* Authen.h */; settings = {ATTRIBUTES = (Public, ); }; };
		B7D8BEC226C2259800A8F8BA /* CreatePasswordViewModel.swift in Sources */ = {isa = PBXBuildFile; fileRef = B7D8BEC126C2259800A8F8BA /* CreatePasswordViewModel.swift */; };
		B7D8BEC426C22D0700A8F8BA /* CreateDisplayNameViewModel.swift in Sources */ = {isa = PBXBuildFile; fileRef = B7D8BEC326C22D0700A8F8BA /* CreateDisplayNameViewModel.swift */; };
		B7FF592226EB4D5E002EA174 /* LoginViewModel.swift in Sources */ = {isa = PBXBuildFile; fileRef = B7FF592126EB4D5E002EA174 /* LoginViewModel.swift */; };
		BC5260F1309A4FF47F9F790D /* Pods_Authen.framework in Frameworks */ = {isa = PBXBuildFile; fileRef = 9CA00CC88894B8F1AC8E622D /* Pods_Authen.framework */; };
/* End PBXBuildFile section */

/* Begin PBXCopyFilesBuildPhase section */
		B7910DEE26AFCD880097C94E /* Embed Frameworks */ = {
			isa = PBXCopyFilesBuildPhase;
			buildActionMask = 2147483647;
			dstPath = "";
			dstSubfolderSpec = 10;
			files = (
				B74CEF1726C50733006B1F2C /* Networking.framework in Embed Frameworks */,
				B7910E1D26B3BB700097C94E /* Component.framework in Embed Frameworks */,
				B7910DED26AFCD880097C94E /* Core.framework in Embed Frameworks */,
			);
			name = "Embed Frameworks";
			runOnlyForDeploymentPostprocessing = 0;
		};
/* End PBXCopyFilesBuildPhase section */

/* Begin PBXFileReference section */
		03401DFA18E8D2774768D177 /* Pods-Authen.release (staging).xcconfig */ = {isa = PBXFileReference; includeInIndex = 1; lastKnownFileType = text.xcconfig; name = "Pods-Authen.release (staging).xcconfig"; path = "Target Support Files/Pods-Authen/Pods-Authen.release (staging).xcconfig"; sourceTree = "<group>"; };
		148E726A74640118FE9A6E49 /* Pods-Authen.debug (production).xcconfig */ = {isa = PBXFileReference; includeInIndex = 1; lastKnownFileType = text.xcconfig; name = "Pods-Authen.debug (production).xcconfig"; path = "Target Support Files/Pods-Authen/Pods-Authen.debug (production).xcconfig"; sourceTree = "<group>"; };
		2E2238E7DB19EB3E432298AD /* Pods-Authen.release (development).xcconfig */ = {isa = PBXFileReference; includeInIndex = 1; lastKnownFileType = text.xcconfig; name = "Pods-Authen.release (development).xcconfig"; path = "Target Support Files/Pods-Authen/Pods-Authen.release (development).xcconfig"; sourceTree = "<group>"; };
		3E8AA106DCE324482693694F /* Pods-Authen.release (production).xcconfig */ = {isa = PBXFileReference; includeInIndex = 1; lastKnownFileType = text.xcconfig; name = "Pods-Authen.release (production).xcconfig"; path = "Target Support Files/Pods-Authen/Pods-Authen.release (production).xcconfig"; sourceTree = "<group>"; };
		4F720079B4589EF5D8B64517 /* Pods-Authen.release.xcconfig */ = {isa = PBXFileReference; includeInIndex = 1; lastKnownFileType = text.xcconfig; name = "Pods-Authen.release.xcconfig"; path = "Target Support Files/Pods-Authen/Pods-Authen.release.xcconfig"; sourceTree = "<group>"; };
		9CA00CC88894B8F1AC8E622D /* Pods_Authen.framework */ = {isa = PBXFileReference; explicitFileType = wrapper.framework; includeInIndex = 0; path = Pods_Authen.framework; sourceTree = BUILT_PRODUCTS_DIR; };
		B2BDEC0B7E0B08D056D09388 /* Pods-Authen.debug (staging).xcconfig */ = {isa = PBXFileReference; includeInIndex = 1; lastKnownFileType = text.xcconfig; name = "Pods-Authen.debug (staging).xcconfig"; path = "Target Support Files/Pods-Authen/Pods-Authen.debug (staging).xcconfig"; sourceTree = "<group>"; };
		B7189ACD26EE2A6F00CB9719 /* VerifyPasswordViewModel.swift */ = {isa = PBXFileReference; lastKnownFileType = sourcecode.swift; path = VerifyPasswordViewModel.swift; sourceTree = "<group>"; };
		B743389226DE2FAE004BBC05 /* Password.storyboard */ = {isa = PBXFileReference; fileEncoding = 4; lastKnownFileType = file.storyboard; path = Password.storyboard; sourceTree = "<group>"; };
		B743389326DE2FAE004BBC05 /* ChangePasswordSuccessViewController.swift */ = {isa = PBXFileReference; fileEncoding = 4; lastKnownFileType = sourcecode.swift; path = ChangePasswordSuccessViewController.swift; sourceTree = "<group>"; };
		B743389426DE2FAE004BBC05 /* OldPasswordViewController.swift */ = {isa = PBXFileReference; fileEncoding = 4; lastKnownFileType = sourcecode.swift; path = OldPasswordViewController.swift; sourceTree = "<group>"; };
		B743389526DE2FAE004BBC05 /* ChangePasswordViewController.swift */ = {isa = PBXFileReference; fileEncoding = 4; lastKnownFileType = sourcecode.swift; path = ChangePasswordViewController.swift; sourceTree = "<group>"; };
		B743389726DE2FAE004BBC05 /* OldPasswordTableViewCell.xib */ = {isa = PBXFileReference; fileEncoding = 4; lastKnownFileType = file.xib; path = OldPasswordTableViewCell.xib; sourceTree = "<group>"; };
		B743389826DE2FAE004BBC05 /* OldPasswordTableViewCell.swift */ = {isa = PBXFileReference; fileEncoding = 4; lastKnownFileType = sourcecode.swift; path = OldPasswordTableViewCell.swift; sourceTree = "<group>"; };
		B743389926DE2FAE004BBC05 /* ChangePasswordTableViewCell.xib */ = {isa = PBXFileReference; fileEncoding = 4; lastKnownFileType = file.xib; path = ChangePasswordTableViewCell.xib; sourceTree = "<group>"; };
		B743389A26DE2FAE004BBC05 /* ChangePasswordTableViewCell.swift */ = {isa = PBXFileReference; fileEncoding = 4; lastKnownFileType = sourcecode.swift; path = ChangePasswordTableViewCell.swift; sourceTree = "<group>"; };
		B74338A726DE4794004BBC05 /* CheckEmailViewController.swift */ = {isa = PBXFileReference; lastKnownFileType = sourcecode.swift; path = CheckEmailViewController.swift; sourceTree = "<group>"; };
		B74338A926DE5689004BBC05 /* ForgotPasswordViewController.swift */ = {isa = PBXFileReference; lastKnownFileType = sourcecode.swift; path = ForgotPasswordViewController.swift; sourceTree = "<group>"; };
		B74338AB26DE765B004BBC05 /* EnterCodeViewController.swift */ = {isa = PBXFileReference; lastKnownFileType = sourcecode.swift; path = EnterCodeViewController.swift; sourceTree = "<group>"; };
		B74CEF1526C50733006B1F2C /* Networking.framework */ = {isa = PBXFileReference; explicitFileType = wrapper.framework; path = Networking.framework; sourceTree = BUILT_PRODUCTS_DIR; };
		B758AC5E26F46D1600A4A5FB /* MergeAccountViewController.swift */ = {isa = PBXFileReference; lastKnownFileType = sourcecode.swift; path = MergeAccountViewController.swift; sourceTree = "<group>"; };
		B758AC6026F4792300A4A5FB /* MergeAccountViewModel.swift */ = {isa = PBXFileReference; lastKnownFileType = sourcecode.swift; path = MergeAccountViewModel.swift; sourceTree = "<group>"; };
		B758AC6226F47F8600A4A5FB /* EnterCodeViewModel.swift */ = {isa = PBXFileReference; lastKnownFileType = sourcecode.swift; path = EnterCodeViewModel.swift; sourceTree = "<group>"; };
		B768499B26C3EC5100C438C5 /* ResendEmailViewModel.swift */ = {isa = PBXFileReference; lastKnownFileType = sourcecode.swift; path = ResendEmailViewModel.swift; sourceTree = "<group>"; };
		B787962B26C6623E00FECC21 /* Share.framework */ = {isa = PBXFileReference; explicitFileType = wrapper.framework; path = Share.framework; sourceTree = BUILT_PRODUCTS_DIR; };
		B789821526DF49530057D7CC /* ChangePasswordViewModel.swift */ = {isa = PBXFileReference; lastKnownFileType = sourcecode.swift; path = ChangePasswordViewModel.swift; sourceTree = "<group>"; };
		B7910DE626AFC9E60097C94E /* Authen.swift */ = {isa = PBXFileReference; lastKnownFileType = sourcecode.swift; path = Authen.swift; sourceTree = "<group>"; };
		B7910DEB26AFCD880097C94E /* Core.framework */ = {isa = PBXFileReference; explicitFileType = wrapper.framework; path = Core.framework; sourceTree = BUILT_PRODUCTS_DIR; };
		B7910E0426B126090097C94E /* Authen.storyboard */ = {isa = PBXFileReference; lastKnownFileType = file.storyboard; path = Authen.storyboard; sourceTree = "<group>"; };
		B7910E0626B1264F0097C94E /* SignUpMethodViewController.swift */ = {isa = PBXFileReference; lastKnownFileType = sourcecode.swift; path = SignUpMethodViewController.swift; sourceTree = "<group>"; };
		B7910E0926B1268E0097C94E /* AuthenNibVars.swift */ = {isa = PBXFileReference; lastKnownFileType = sourcecode.swift; path = AuthenNibVars.swift; sourceTree = "<group>"; };
		B7910E0B26B126A80097C94E /* AuthenOpener.swift */ = {isa = PBXFileReference; lastKnownFileType = sourcecode.swift; path = AuthenOpener.swift; sourceTree = "<group>"; };
		B7910E1926B3B83D0097C94E /* SignInViewController.swift */ = {isa = PBXFileReference; lastKnownFileType = sourcecode.swift; path = SignInViewController.swift; sourceTree = "<group>"; };
		B7910E1B26B3BB700097C94E /* Component.framework */ = {isa = PBXFileReference; explicitFileType = wrapper.framework; path = Component.framework; sourceTree = BUILT_PRODUCTS_DIR; };
		B7910E1F26B411030097C94E /* SignInSectionController.swift */ = {isa = PBXFileReference; lastKnownFileType = sourcecode.swift; path = SignInSectionController.swift; sourceTree = "<group>"; };
		B7910E2226B4185D0097C94E /* SignInCell.swift */ = {isa = PBXFileReference; lastKnownFileType = sourcecode.swift; path = SignInCell.swift; sourceTree = "<group>"; };
		B7910E2326B4185D0097C94E /* SignInCell.xib */ = {isa = PBXFileReference; lastKnownFileType = file.xib; path = SignInCell.xib; sourceTree = "<group>"; };
		B7910E4426B7EE6E0097C94E /* EmailSectionController.swift */ = {isa = PBXFileReference; lastKnownFileType = sourcecode.swift; path = EmailSectionController.swift; sourceTree = "<group>"; };
		B7910E4626B7F34C0097C94E /* EmailViewController.swift */ = {isa = PBXFileReference; lastKnownFileType = sourcecode.swift; path = EmailViewController.swift; sourceTree = "<group>"; };
		B7910E4826B7FD090097C94E /* EmailCell.swift */ = {isa = PBXFileReference; lastKnownFileType = sourcecode.swift; path = EmailCell.swift; sourceTree = "<group>"; };
		B7910E4926B7FD090097C94E /* EmailCell.xib */ = {isa = PBXFileReference; lastKnownFileType = file.xib; path = EmailCell.xib; sourceTree = "<group>"; };
		B7910E4C26B82C690097C94E /* CreatePasswordViewController.swift */ = {isa = PBXFileReference; lastKnownFileType = sourcecode.swift; path = CreatePasswordViewController.swift; sourceTree = "<group>"; };
		B7910E4E26B82CC40097C94E /* CreatePasswordCell.swift */ = {isa = PBXFileReference; lastKnownFileType = sourcecode.swift; path = CreatePasswordCell.swift; sourceTree = "<group>"; };
		B7910E4F26B82CC40097C94E /* CreatePasswordCell.xib */ = {isa = PBXFileReference; lastKnownFileType = file.xib; path = CreatePasswordCell.xib; sourceTree = "<group>"; };
		B7910E5226B82EE00097C94E /* CreatePasswordSectionController.swift */ = {isa = PBXFileReference; lastKnownFileType = sourcecode.swift; path = CreatePasswordSectionController.swift; sourceTree = "<group>"; };
		B7910E5426B835DB0097C94E /* CreateDisplayNameViewController.swift */ = {isa = PBXFileReference; lastKnownFileType = sourcecode.swift; path = CreateDisplayNameViewController.swift; sourceTree = "<group>"; };
		B7910E5626B836100097C94E /* CreateDisplayNameCell.swift */ = {isa = PBXFileReference; lastKnownFileType = sourcecode.swift; path = CreateDisplayNameCell.swift; sourceTree = "<group>"; };
		B7910E5726B836100097C94E /* CreateDisplayNameCell.xib */ = {isa = PBXFileReference; lastKnownFileType = file.xib; path = CreateDisplayNameCell.xib; sourceTree = "<group>"; };
		B7910E5A26B8368B0097C94E /* CreateDisplayNameSectionController.swift */ = {isa = PBXFileReference; lastKnownFileType = sourcecode.swift; path = CreateDisplayNameSectionController.swift; sourceTree = "<group>"; };
		B7910E5C26B83FEB0097C94E /* VerifyEmailViewController.swift */ = {isa = PBXFileReference; lastKnownFileType = sourcecode.swift; path = VerifyEmailViewController.swift; sourceTree = "<group>"; };
		B7910E5F26B842740097C94E /* Assets.xcassets */ = {isa = PBXFileReference; lastKnownFileType = folder.assetcatalog; path = Assets.xcassets; sourceTree = "<group>"; };
		B7910E6126B8F52B0097C94E /* ResendEmailViewController.swift */ = {isa = PBXFileReference; lastKnownFileType = sourcecode.swift; path = ResendEmailViewController.swift; sourceTree = "<group>"; };
		B7910EDD26C107590097C94E /* EmailViewModel.swift */ = {isa = PBXFileReference; lastKnownFileType = sourcecode.swift; path = EmailViewModel.swift; sourceTree = "<group>"; };
		B7B1E3CD26A92C48006E2FF6 /* Authen.framework */ = {isa = PBXFileReference; explicitFileType = wrapper.framework; includeInIndex = 0; path = Authen.framework; sourceTree = BUILT_PRODUCTS_DIR; };
		B7B1E3D026A92C48006E2FF6 /* Authen.h */ = {isa = PBXFileReference; lastKnownFileType = sourcecode.c.h; path = Authen.h; sourceTree = "<group>"; };
		B7B1E3D126A92C48006E2FF6 /* Info.plist */ = {isa = PBXFileReference; lastKnownFileType = text.plist.xml; path = Info.plist; sourceTree = "<group>"; };
		B7D8BEC126C2259800A8F8BA /* CreatePasswordViewModel.swift */ = {isa = PBXFileReference; lastKnownFileType = sourcecode.swift; path = CreatePasswordViewModel.swift; sourceTree = "<group>"; };
		B7D8BEC326C22D0700A8F8BA /* CreateDisplayNameViewModel.swift */ = {isa = PBXFileReference; lastKnownFileType = sourcecode.swift; path = CreateDisplayNameViewModel.swift; sourceTree = "<group>"; };
		B7FF592126EB4D5E002EA174 /* LoginViewModel.swift */ = {isa = PBXFileReference; lastKnownFileType = sourcecode.swift; path = LoginViewModel.swift; sourceTree = "<group>"; };
		D184063DD5BA8FA1D91E1CAD /* Pods-Authen.debug.xcconfig */ = {isa = PBXFileReference; includeInIndex = 1; lastKnownFileType = text.xcconfig; name = "Pods-Authen.debug.xcconfig"; path = "Target Support Files/Pods-Authen/Pods-Authen.debug.xcconfig"; sourceTree = "<group>"; };
		E21C1573E8BC3B1378D38243 /* Pods-Authen.debug (development).xcconfig */ = {isa = PBXFileReference; includeInIndex = 1; lastKnownFileType = text.xcconfig; name = "Pods-Authen.debug (development).xcconfig"; path = "Target Support Files/Pods-Authen/Pods-Authen.debug (development).xcconfig"; sourceTree = "<group>"; };
/* End PBXFileReference section */

/* Begin PBXFrameworksBuildPhase section */
		B7B1E3CA26A92C48006E2FF6 /* Frameworks */ = {
			isa = PBXFrameworksBuildPhase;
			buildActionMask = 2147483647;
			files = (
				B7910E1C26B3BB700097C94E /* Component.framework in Frameworks */,
				BC5260F1309A4FF47F9F790D /* Pods_Authen.framework in Frameworks */,
				B74CEF1626C50733006B1F2C /* Networking.framework in Frameworks */,
				B7910DEC26AFCD880097C94E /* Core.framework in Frameworks */,
			);
			runOnlyForDeploymentPostprocessing = 0;
		};
/* End PBXFrameworksBuildPhase section */

/* Begin PBXGroup section */
		A415FAB31D24B516439D4B0D /* Frameworks */ = {
			isa = PBXGroup;
			children = (
				B787962B26C6623E00FECC21 /* Share.framework */,
				B74CEF1526C50733006B1F2C /* Networking.framework */,
				B7910E1B26B3BB700097C94E /* Component.framework */,
				B7910DEB26AFCD880097C94E /* Core.framework */,
				9CA00CC88894B8F1AC8E622D /* Pods_Authen.framework */,
			);
			name = Frameworks;
			sourceTree = "<group>";
		};
		B743389626DE2FAE004BBC05 /* Change Password */ = {
			isa = PBXGroup;
			children = (
				B743389826DE2FAE004BBC05 /* OldPasswordTableViewCell.swift */,
				B743389726DE2FAE004BBC05 /* OldPasswordTableViewCell.xib */,
				B743389A26DE2FAE004BBC05 /* ChangePasswordTableViewCell.swift */,
				B743389926DE2FAE004BBC05 /* ChangePasswordTableViewCell.xib */,
			);
			path = "Change Password";
			sourceTree = "<group>";
		};
		B76849D626C4F8E800C438C5 /* ViewModel */ = {
			isa = PBXGroup;
			children = (
				B7910EDD26C107590097C94E /* EmailViewModel.swift */,
				B7D8BEC126C2259800A8F8BA /* CreatePasswordViewModel.swift */,
				B7D8BEC326C22D0700A8F8BA /* CreateDisplayNameViewModel.swift */,
				B768499B26C3EC5100C438C5 /* ResendEmailViewModel.swift */,
				B789821526DF49530057D7CC /* ChangePasswordViewModel.swift */,
				B7FF592126EB4D5E002EA174 /* LoginViewModel.swift */,
				B7189ACD26EE2A6F00CB9719 /* VerifyPasswordViewModel.swift */,
			);
			path = ViewModel;
			sourceTree = "<group>";
		};
		B7910DE326AFC9A40097C94E /* Model */ = {
			isa = PBXGroup;
			children = (
				B7910DE626AFC9E60097C94E /* Authen.swift */,
			);
			path = Model;
			sourceTree = "<group>";
		};
		B7910E0826B1266C0097C94E /* Utilities */ = {
			isa = PBXGroup;
			children = (
				B7910E0926B1268E0097C94E /* AuthenNibVars.swift */,
				B7910E0B26B126A80097C94E /* AuthenOpener.swift */,
			);
			path = Utilities;
			sourceTree = "<group>";
		};
		B7910E1E26B410910097C94E /* Section */ = {
			isa = PBXGroup;
			children = (
				B7910E1F26B411030097C94E /* SignInSectionController.swift */,
				B7910E4426B7EE6E0097C94E /* EmailSectionController.swift */,
				B7910E5226B82EE00097C94E /* CreatePasswordSectionController.swift */,
				B7910E5A26B8368B0097C94E /* CreateDisplayNameSectionController.swift */,
			);
			path = Section;
			sourceTree = "<group>";
		};
		B7910E2126B418340097C94E /* Cell */ = {
			isa = PBXGroup;
			children = (
				B743389626DE2FAE004BBC05 /* Change Password */,
				B7910E2226B4185D0097C94E /* SignInCell.swift */,
				B7910E2326B4185D0097C94E /* SignInCell.xib */,
				B7910E4826B7FD090097C94E /* EmailCell.swift */,
				B7910E4926B7FD090097C94E /* EmailCell.xib */,
				B7910E4E26B82CC40097C94E /* CreatePasswordCell.swift */,
				B7910E4F26B82CC40097C94E /* CreatePasswordCell.xib */,
				B7910E5626B836100097C94E /* CreateDisplayNameCell.swift */,
				B7910E5726B836100097C94E /* CreateDisplayNameCell.xib */,
			);
			path = Cell;
			sourceTree = "<group>";
		};
		B7910E5E26B842560097C94E /* Assets */ = {
			isa = PBXGroup;
			children = (
				B7910E5F26B842740097C94E /* Assets.xcassets */,
			);
			path = Assets;
			sourceTree = "<group>";
		};
		B7910EB626BD0C030097C94E /* ViewController */ = {
			isa = PBXGroup;
			children = (
				B7910E0626B1264F0097C94E /* SignUpMethodViewController.swift */,
				B7910E1926B3B83D0097C94E /* SignInViewController.swift */,
				B7910E4626B7F34C0097C94E /* EmailViewController.swift */,
				B7910E4C26B82C690097C94E /* CreatePasswordViewController.swift */,
				B7910E5426B835DB0097C94E /* CreateDisplayNameViewController.swift */,
				B7910E5C26B83FEB0097C94E /* VerifyEmailViewController.swift */,
				B7910E6126B8F52B0097C94E /* ResendEmailViewController.swift */,
				B743389426DE2FAE004BBC05 /* OldPasswordViewController.swift */,
				B743389526DE2FAE004BBC05 /* ChangePasswordViewController.swift */,
				B743389326DE2FAE004BBC05 /* ChangePasswordSuccessViewController.swift */,
				B74338A726DE4794004BBC05 /* CheckEmailViewController.swift */,
				B74338A926DE5689004BBC05 /* ForgotPasswordViewController.swift */,
				B74338AB26DE765B004BBC05 /* EnterCodeViewController.swift */,
			);
			path = ViewController;
			sourceTree = "<group>";
		};
		B7B1E3C326A92C48006E2FF6 = {
			isa = PBXGroup;
			children = (
				B7B1E3CF26A92C48006E2FF6 /* Authen */,
				B7B1E3CE26A92C48006E2FF6 /* Products */,
				F865404FD45268D51874258D /* Pods */,
				A415FAB31D24B516439D4B0D /* Frameworks */,
			);
			sourceTree = "<group>";
		};
		B7B1E3CE26A92C48006E2FF6 /* Products */ = {
			isa = PBXGroup;
			children = (
				B7B1E3CD26A92C48006E2FF6 /* Authen.framework */,
			);
			name = Products;
			sourceTree = "<group>";
		};
		B7B1E3CF26A92C48006E2FF6 /* Authen */ = {
			isa = PBXGroup;
			children = (
				B7B1E3D026A92C48006E2FF6 /* Authen.h */,
				B7B1E3D126A92C48006E2FF6 /* Info.plist */,
				B7910E5E26B842560097C94E /* Assets */,
				B7910E0426B126090097C94E /* Authen.storyboard */,
				B743389226DE2FAE004BBC05 /* Password.storyboard */,
				B758AC5E26F46D1600A4A5FB /* MergeAccountViewController.swift */,
				B758AC6026F4792300A4A5FB /* MergeAccountViewModel.swift */,
				B758AC6226F47F8600A4A5FB /* EnterCodeViewModel.swift */,
				B76849D626C4F8E800C438C5 /* ViewModel */,
				B7910EB626BD0C030097C94E /* ViewController */,
				B7910E2126B418340097C94E /* Cell */,
				B7910E1E26B410910097C94E /* Section */,
				B7910E0826B1266C0097C94E /* Utilities */,
				B7910DE326AFC9A40097C94E /* Model */,
			);
			path = Authen;
			sourceTree = "<group>";
		};
		F865404FD45268D51874258D /* Pods */ = {
			isa = PBXGroup;
			children = (
				D184063DD5BA8FA1D91E1CAD /* Pods-Authen.debug.xcconfig */,
				4F720079B4589EF5D8B64517 /* Pods-Authen.release.xcconfig */,
				148E726A74640118FE9A6E49 /* Pods-Authen.debug (production).xcconfig */,
				B2BDEC0B7E0B08D056D09388 /* Pods-Authen.debug (staging).xcconfig */,
				E21C1573E8BC3B1378D38243 /* Pods-Authen.debug (development).xcconfig */,
				3E8AA106DCE324482693694F /* Pods-Authen.release (production).xcconfig */,
				03401DFA18E8D2774768D177 /* Pods-Authen.release (staging).xcconfig */,
				2E2238E7DB19EB3E432298AD /* Pods-Authen.release (development).xcconfig */,
			);
			name = Pods;
			path = ../Pods;
			sourceTree = "<group>";
		};
/* End PBXGroup section */

/* Begin PBXHeadersBuildPhase section */
		B7B1E3C826A92C48006E2FF6 /* Headers */ = {
			isa = PBXHeadersBuildPhase;
			buildActionMask = 2147483647;
			files = (
				B7B1E3D226A92C48006E2FF6 /* Authen.h in Headers */,
			);
			runOnlyForDeploymentPostprocessing = 0;
		};
/* End PBXHeadersBuildPhase section */

/* Begin PBXNativeTarget section */
		B7B1E3CC26A92C48006E2FF6 /* Authen */ = {
			isa = PBXNativeTarget;
			buildConfigurationList = B7B1E3D526A92C48006E2FF6 /* Build configuration list for PBXNativeTarget "Authen" */;
			buildPhases = (
				79F6F6C12137072EE04AE56E /* [CP] Check Pods Manifest.lock */,
				B7B1E3C826A92C48006E2FF6 /* Headers */,
				B7B1E3C926A92C48006E2FF6 /* Sources */,
				B7B1E3CA26A92C48006E2FF6 /* Frameworks */,
				B7B1E3CB26A92C48006E2FF6 /* Resources */,
				B7910DEE26AFCD880097C94E /* Embed Frameworks */,
			);
			buildRules = (
			);
			dependencies = (
			);
			name = Authen;
			productName = Authen;
			productReference = B7B1E3CD26A92C48006E2FF6 /* Authen.framework */;
			productType = "com.apple.product-type.framework";
		};
/* End PBXNativeTarget section */

/* Begin PBXProject section */
		B7B1E3C426A92C48006E2FF6 /* Project object */ = {
			isa = PBXProject;
			attributes = {
				LastUpgradeCheck = 1250;
				TargetAttributes = {
					B7B1E3CC26A92C48006E2FF6 = {
						CreatedOnToolsVersion = 12.5.1;
						LastSwiftMigration = 1250;
					};
				};
			};
			buildConfigurationList = B7B1E3C726A92C48006E2FF6 /* Build configuration list for PBXProject "Authen" */;
			compatibilityVersion = "Xcode 9.3";
			developmentRegion = en;
			hasScannedForEncodings = 0;
			knownRegions = (
				en,
				Base,
			);
			mainGroup = B7B1E3C326A92C48006E2FF6;
			productRefGroup = B7B1E3CE26A92C48006E2FF6 /* Products */;
			projectDirPath = "";
			projectRoot = "";
			targets = (
				B7B1E3CC26A92C48006E2FF6 /* Authen */,
			);
		};
/* End PBXProject section */

/* Begin PBXResourcesBuildPhase section */
		B7B1E3CB26A92C48006E2FF6 /* Resources */ = {
			isa = PBXResourcesBuildPhase;
			buildActionMask = 2147483647;
			files = (
				B7910E4B26B7FD090097C94E /* EmailCell.xib in Resources */,
				B7910E0526B126090097C94E /* Authen.storyboard in Resources */,
				B743389F26DE2FAF004BBC05 /* OldPasswordTableViewCell.xib in Resources */,
				B743389B26DE2FAE004BBC05 /* Password.storyboard in Resources */,
				B7910E5126B82CC40097C94E /* CreatePasswordCell.xib in Resources */,
				B7910E2526B4185D0097C94E /* SignInCell.xib in Resources */,
				B74338A126DE2FAF004BBC05 /* ChangePasswordTableViewCell.xib in Resources */,
				B7910E6026B842740097C94E /* Assets.xcassets in Resources */,
				B7910E5926B836100097C94E /* CreateDisplayNameCell.xib in Resources */,
			);
			runOnlyForDeploymentPostprocessing = 0;
		};
/* End PBXResourcesBuildPhase section */

/* Begin PBXShellScriptBuildPhase section */
		79F6F6C12137072EE04AE56E /* [CP] Check Pods Manifest.lock */ = {
			isa = PBXShellScriptBuildPhase;
			buildActionMask = 2147483647;
			files = (
			);
			inputFileListPaths = (
			);
			inputPaths = (
				"${PODS_PODFILE_DIR_PATH}/Podfile.lock",
				"${PODS_ROOT}/Manifest.lock",
			);
			name = "[CP] Check Pods Manifest.lock";
			outputFileListPaths = (
			);
			outputPaths = (
				"$(DERIVED_FILE_DIR)/Pods-Authen-checkManifestLockResult.txt",
			);
			runOnlyForDeploymentPostprocessing = 0;
			shellPath = /bin/sh;
			shellScript = "diff \"${PODS_PODFILE_DIR_PATH}/Podfile.lock\" \"${PODS_ROOT}/Manifest.lock\" > /dev/null\nif [ $? != 0 ] ; then\n    # print error to STDERR\n    echo \"error: The sandbox is not in sync with the Podfile.lock. Run 'pod install' or update your CocoaPods installation.\" >&2\n    exit 1\nfi\n# This output is used by Xcode 'outputs' to avoid re-running this script phase.\necho \"SUCCESS\" > \"${SCRIPT_OUTPUT_FILE_0}\"\n";
			showEnvVarsInLog = 0;
		};
/* End PBXShellScriptBuildPhase section */

/* Begin PBXSourcesBuildPhase section */
		B7B1E3C926A92C48006E2FF6 /* Sources */ = {
			isa = PBXSourcesBuildPhase;
			buildActionMask = 2147483647;
			files = (
				B74338AC26DE765B004BBC05 /* EnterCodeViewController.swift in Sources */,
				B7910E6226B8F52B0097C94E /* ResendEmailViewController.swift in Sources */,
				B7910E5526B835DB0097C94E /* CreateDisplayNameViewController.swift in Sources */,
				B7910E0A26B1268E0097C94E /* AuthenNibVars.swift in Sources */,
				B758AC5F26F46D1600A4A5FB /* MergeAccountViewController.swift in Sources */,
				B7910E4A26B7FD090097C94E /* EmailCell.swift in Sources */,
				B74338A226DE2FAF004BBC05 /* ChangePasswordTableViewCell.swift in Sources */,
				B7910E5326B82EE00097C94E /* CreatePasswordSectionController.swift in Sources */,
				B758AC6326F47F8600A4A5FB /* EnterCodeViewModel.swift in Sources */,
				B758AC6126F4792300A4A5FB /* MergeAccountViewModel.swift in Sources */,
				B7910E5826B836100097C94E /* CreateDisplayNameCell.swift in Sources */,
				B7910E5D26B83FEB0097C94E /* VerifyEmailViewController.swift in Sources */,
				B7910E5026B82CC40097C94E /* CreatePasswordCell.swift in Sources */,
				B789821626DF49530057D7CC /* ChangePasswordViewModel.swift in Sources */,
				B7910E2426B4185D0097C94E /* SignInCell.swift in Sources */,
				B7910E5B26B8368B0097C94E /* CreateDisplayNameSectionController.swift in Sources */,
				B7910E4526B7EE6E0097C94E /* EmailSectionController.swift in Sources */,
				B7189ACE26EE2A6F00CB9719 /* VerifyPasswordViewModel.swift in Sources */,
				B7910E0726B1264F0097C94E /* SignUpMethodViewController.swift in Sources */,
				B7910EDE26C107590097C94E /* EmailViewModel.swift in Sources */,
				B7910DE726AFC9E60097C94E /* Authen.swift in Sources */,
				B74338A026DE2FAF004BBC05 /* OldPasswordTableViewCell.swift in Sources */,
				B7D8BEC426C22D0700A8F8BA /* CreateDisplayNameViewModel.swift in Sources */,
				B7910E1A26B3B83D0097C94E /* SignInViewController.swift in Sources */,
				B7FF592226EB4D5E002EA174 /* LoginViewModel.swift in Sources */,
				B7910E0C26B126A80097C94E /* AuthenOpener.swift in Sources */,
				B743389C26DE2FAE004BBC05 /* ChangePasswordSuccessViewController.swift in Sources */,
				B743389E26DE2FAF004BBC05 /* ChangePasswordViewController.swift in Sources */,
				B7D8BEC226C2259800A8F8BA /* CreatePasswordViewModel.swift in Sources */,
				B74338A826DE4794004BBC05 /* CheckEmailViewController.swift in Sources */,
				B743389D26DE2FAE004BBC05 /* OldPasswordViewController.swift in Sources */,
				B7910E4D26B82C690097C94E /* CreatePasswordViewController.swift in Sources */,
				B7910E2026B411030097C94E /* SignInSectionController.swift in Sources */,
				B7910E4726B7F34C0097C94E /* EmailViewController.swift in Sources */,
				B74338AA26DE5689004BBC05 /* ForgotPasswordViewController.swift in Sources */,
				B768499C26C3EC5100C438C5 /* ResendEmailViewModel.swift in Sources */,
			);
			runOnlyForDeploymentPostprocessing = 0;
		};
/* End PBXSourcesBuildPhase section */

/* Begin XCBuildConfiguration section */
		B7B1E3D326A92C48006E2FF6 /* Debug (Production) */ = {
			isa = XCBuildConfiguration;
			buildSettings = {
				ALWAYS_SEARCH_USER_PATHS = NO;
				CLANG_ANALYZER_NONNULL = YES;
				CLANG_ANALYZER_NUMBER_OBJECT_CONVERSION = YES_AGGRESSIVE;
				CLANG_CXX_LANGUAGE_STANDARD = "gnu++14";
				CLANG_CXX_LIBRARY = "libc++";
				CLANG_ENABLE_MODULES = YES;
				CLANG_ENABLE_OBJC_ARC = YES;
				CLANG_ENABLE_OBJC_WEAK = YES;
				CLANG_WARN_BLOCK_CAPTURE_AUTORELEASING = YES;
				CLANG_WARN_BOOL_CONVERSION = YES;
				CLANG_WARN_COMMA = YES;
				CLANG_WARN_CONSTANT_CONVERSION = YES;
				CLANG_WARN_DEPRECATED_OBJC_IMPLEMENTATIONS = YES;
				CLANG_WARN_DIRECT_OBJC_ISA_USAGE = YES_ERROR;
				CLANG_WARN_DOCUMENTATION_COMMENTS = YES;
				CLANG_WARN_EMPTY_BODY = YES;
				CLANG_WARN_ENUM_CONVERSION = YES;
				CLANG_WARN_INFINITE_RECURSION = YES;
				CLANG_WARN_INT_CONVERSION = YES;
				CLANG_WARN_NON_LITERAL_NULL_CONVERSION = YES;
				CLANG_WARN_OBJC_IMPLICIT_RETAIN_SELF = YES;
				CLANG_WARN_OBJC_LITERAL_CONVERSION = YES;
				CLANG_WARN_OBJC_ROOT_CLASS = YES_ERROR;
				CLANG_WARN_QUOTED_INCLUDE_IN_FRAMEWORK_HEADER = YES;
				CLANG_WARN_RANGE_LOOP_ANALYSIS = YES;
				CLANG_WARN_STRICT_PROTOTYPES = YES;
				CLANG_WARN_SUSPICIOUS_MOVE = YES;
				CLANG_WARN_UNGUARDED_AVAILABILITY = YES_AGGRESSIVE;
				CLANG_WARN_UNREACHABLE_CODE = YES;
				CLANG_WARN__DUPLICATE_METHOD_MATCH = YES;
				COPY_PHASE_STRIP = NO;
				CURRENT_PROJECT_VERSION = 1;
				DEBUG_INFORMATION_FORMAT = dwarf;
				ENABLE_BITCODE = NO;
				ENABLE_STRICT_OBJC_MSGSEND = YES;
				ENABLE_TESTABILITY = YES;
				GCC_C_LANGUAGE_STANDARD = gnu11;
				GCC_DYNAMIC_NO_PIC = NO;
				GCC_NO_COMMON_BLOCKS = YES;
				GCC_OPTIMIZATION_LEVEL = 0;
				GCC_PREPROCESSOR_DEFINITIONS = (
					"DEBUG=1",
					"$(inherited)",
				);
				GCC_WARN_64_TO_32_BIT_CONVERSION = YES;
				GCC_WARN_ABOUT_RETURN_TYPE = YES_ERROR;
				GCC_WARN_UNDECLARED_SELECTOR = YES;
				GCC_WARN_UNINITIALIZED_AUTOS = YES_AGGRESSIVE;
				GCC_WARN_UNUSED_FUNCTION = YES;
				GCC_WARN_UNUSED_VARIABLE = YES;
				IPHONEOS_DEPLOYMENT_TARGET = 13.0;
				MTL_ENABLE_DEBUG_INFO = INCLUDE_SOURCE;
				MTL_FAST_MATH = YES;
				ONLY_ACTIVE_ARCH = YES;
				SDKROOT = iphoneos;
				SWIFT_ACTIVE_COMPILATION_CONDITIONS = DEBUG;
				SWIFT_OPTIMIZATION_LEVEL = "-Onone";
				VERSIONING_SYSTEM = "apple-generic";
				VERSION_INFO_PREFIX = "";
			};
			name = "Debug (Production)";
		};
		B7B1E3D426A92C48006E2FF6 /* Release (Production) */ = {
			isa = XCBuildConfiguration;
			buildSettings = {
				ALWAYS_SEARCH_USER_PATHS = NO;
				CLANG_ANALYZER_NONNULL = YES;
				CLANG_ANALYZER_NUMBER_OBJECT_CONVERSION = YES_AGGRESSIVE;
				CLANG_CXX_LANGUAGE_STANDARD = "gnu++14";
				CLANG_CXX_LIBRARY = "libc++";
				CLANG_ENABLE_MODULES = YES;
				CLANG_ENABLE_OBJC_ARC = YES;
				CLANG_ENABLE_OBJC_WEAK = YES;
				CLANG_WARN_BLOCK_CAPTURE_AUTORELEASING = YES;
				CLANG_WARN_BOOL_CONVERSION = YES;
				CLANG_WARN_COMMA = YES;
				CLANG_WARN_CONSTANT_CONVERSION = YES;
				CLANG_WARN_DEPRECATED_OBJC_IMPLEMENTATIONS = YES;
				CLANG_WARN_DIRECT_OBJC_ISA_USAGE = YES_ERROR;
				CLANG_WARN_DOCUMENTATION_COMMENTS = YES;
				CLANG_WARN_EMPTY_BODY = YES;
				CLANG_WARN_ENUM_CONVERSION = YES;
				CLANG_WARN_INFINITE_RECURSION = YES;
				CLANG_WARN_INT_CONVERSION = YES;
				CLANG_WARN_NON_LITERAL_NULL_CONVERSION = YES;
				CLANG_WARN_OBJC_IMPLICIT_RETAIN_SELF = YES;
				CLANG_WARN_OBJC_LITERAL_CONVERSION = YES;
				CLANG_WARN_OBJC_ROOT_CLASS = YES_ERROR;
				CLANG_WARN_QUOTED_INCLUDE_IN_FRAMEWORK_HEADER = YES;
				CLANG_WARN_RANGE_LOOP_ANALYSIS = YES;
				CLANG_WARN_STRICT_PROTOTYPES = YES;
				CLANG_WARN_SUSPICIOUS_MOVE = YES;
				CLANG_WARN_UNGUARDED_AVAILABILITY = YES_AGGRESSIVE;
				CLANG_WARN_UNREACHABLE_CODE = YES;
				CLANG_WARN__DUPLICATE_METHOD_MATCH = YES;
				COPY_PHASE_STRIP = NO;
				CURRENT_PROJECT_VERSION = 1;
				DEBUG_INFORMATION_FORMAT = "dwarf-with-dsym";
				ENABLE_BITCODE = NO;
				ENABLE_NS_ASSERTIONS = NO;
				ENABLE_STRICT_OBJC_MSGSEND = YES;
				GCC_C_LANGUAGE_STANDARD = gnu11;
				GCC_NO_COMMON_BLOCKS = YES;
				GCC_WARN_64_TO_32_BIT_CONVERSION = YES;
				GCC_WARN_ABOUT_RETURN_TYPE = YES_ERROR;
				GCC_WARN_UNDECLARED_SELECTOR = YES;
				GCC_WARN_UNINITIALIZED_AUTOS = YES_AGGRESSIVE;
				GCC_WARN_UNUSED_FUNCTION = YES;
				GCC_WARN_UNUSED_VARIABLE = YES;
				IPHONEOS_DEPLOYMENT_TARGET = 13.0;
				MTL_ENABLE_DEBUG_INFO = NO;
				MTL_FAST_MATH = YES;
				SDKROOT = iphoneos;
				SWIFT_COMPILATION_MODE = wholemodule;
				SWIFT_OPTIMIZATION_LEVEL = "-O";
				VALIDATE_PRODUCT = YES;
				VERSIONING_SYSTEM = "apple-generic";
				VERSION_INFO_PREFIX = "";
			};
			name = "Release (Production)";
		};
		B7B1E3D626A92C48006E2FF6 /* Debug (Production) */ = {
			isa = XCBuildConfiguration;
			baseConfigurationReference = 148E726A74640118FE9A6E49 /* Pods-Authen.debug (production).xcconfig */;
			buildSettings = {
				CLANG_ENABLE_MODULES = YES;
				CODE_SIGN_STYLE = Automatic;
				DEFINES_MODULE = YES;
				DYLIB_COMPATIBILITY_VERSION = 1;
				DYLIB_CURRENT_VERSION = 1;
				DYLIB_INSTALL_NAME_BASE = "@rpath";
				ENABLE_BITCODE = NO;
				INFOPLIST_FILE = Authen/Info.plist;
				INSTALL_PATH = "$(LOCAL_LIBRARY_DIR)/Frameworks";
				LD_RUNPATH_SEARCH_PATHS = (
					"$(inherited)",
					"@executable_path/Frameworks",
					"@loader_path/Frameworks",
				);
				PRODUCT_BUNDLE_IDENTIFIER = com.castcle.Authen;
				PRODUCT_NAME = "$(TARGET_NAME:c99extidentifier)";
				SKIP_INSTALL = YES;
				SWIFT_OPTIMIZATION_LEVEL = "-Onone";
				SWIFT_VERSION = 5.0;
				TARGETED_DEVICE_FAMILY = "1,2";
			};
			name = "Debug (Production)";
		};
		B7B1E3D726A92C48006E2FF6 /* Release (Production) */ = {
			isa = XCBuildConfiguration;
			baseConfigurationReference = 3E8AA106DCE324482693694F /* Pods-Authen.release (production).xcconfig */;
			buildSettings = {
				CLANG_ENABLE_MODULES = YES;
				CODE_SIGN_STYLE = Automatic;
				DEFINES_MODULE = YES;
				DYLIB_COMPATIBILITY_VERSION = 1;
				DYLIB_CURRENT_VERSION = 1;
				DYLIB_INSTALL_NAME_BASE = "@rpath";
				ENABLE_BITCODE = NO;
				INFOPLIST_FILE = Authen/Info.plist;
				INSTALL_PATH = "$(LOCAL_LIBRARY_DIR)/Frameworks";
				LD_RUNPATH_SEARCH_PATHS = (
					"$(inherited)",
					"@executable_path/Frameworks",
					"@loader_path/Frameworks",
				);
				PRODUCT_BUNDLE_IDENTIFIER = com.castcle.Authen;
				PRODUCT_NAME = "$(TARGET_NAME:c99extidentifier)";
				SKIP_INSTALL = YES;
				SWIFT_VERSION = 5.0;
				TARGETED_DEVICE_FAMILY = "1,2";
			};
			name = "Release (Production)";
		};
		B7B1E3D826A92CFB006E2FF6 /* Debug (Staging) */ = {
			isa = XCBuildConfiguration;
			buildSettings = {
				ALWAYS_SEARCH_USER_PATHS = NO;
				CLANG_ANALYZER_NONNULL = YES;
				CLANG_ANALYZER_NUMBER_OBJECT_CONVERSION = YES_AGGRESSIVE;
				CLANG_CXX_LANGUAGE_STANDARD = "gnu++14";
				CLANG_CXX_LIBRARY = "libc++";
				CLANG_ENABLE_MODULES = YES;
				CLANG_ENABLE_OBJC_ARC = YES;
				CLANG_ENABLE_OBJC_WEAK = YES;
				CLANG_WARN_BLOCK_CAPTURE_AUTORELEASING = YES;
				CLANG_WARN_BOOL_CONVERSION = YES;
				CLANG_WARN_COMMA = YES;
				CLANG_WARN_CONSTANT_CONVERSION = YES;
				CLANG_WARN_DEPRECATED_OBJC_IMPLEMENTATIONS = YES;
				CLANG_WARN_DIRECT_OBJC_ISA_USAGE = YES_ERROR;
				CLANG_WARN_DOCUMENTATION_COMMENTS = YES;
				CLANG_WARN_EMPTY_BODY = YES;
				CLANG_WARN_ENUM_CONVERSION = YES;
				CLANG_WARN_INFINITE_RECURSION = YES;
				CLANG_WARN_INT_CONVERSION = YES;
				CLANG_WARN_NON_LITERAL_NULL_CONVERSION = YES;
				CLANG_WARN_OBJC_IMPLICIT_RETAIN_SELF = YES;
				CLANG_WARN_OBJC_LITERAL_CONVERSION = YES;
				CLANG_WARN_OBJC_ROOT_CLASS = YES_ERROR;
				CLANG_WARN_QUOTED_INCLUDE_IN_FRAMEWORK_HEADER = YES;
				CLANG_WARN_RANGE_LOOP_ANALYSIS = YES;
				CLANG_WARN_STRICT_PROTOTYPES = YES;
				CLANG_WARN_SUSPICIOUS_MOVE = YES;
				CLANG_WARN_UNGUARDED_AVAILABILITY = YES_AGGRESSIVE;
				CLANG_WARN_UNREACHABLE_CODE = YES;
				CLANG_WARN__DUPLICATE_METHOD_MATCH = YES;
				COPY_PHASE_STRIP = NO;
				CURRENT_PROJECT_VERSION = 1;
				DEBUG_INFORMATION_FORMAT = dwarf;
				ENABLE_BITCODE = NO;
				ENABLE_STRICT_OBJC_MSGSEND = YES;
				ENABLE_TESTABILITY = YES;
				GCC_C_LANGUAGE_STANDARD = gnu11;
				GCC_DYNAMIC_NO_PIC = NO;
				GCC_NO_COMMON_BLOCKS = YES;
				GCC_OPTIMIZATION_LEVEL = 0;
				GCC_PREPROCESSOR_DEFINITIONS = (
					"DEBUG=1",
					"$(inherited)",
				);
				GCC_WARN_64_TO_32_BIT_CONVERSION = YES;
				GCC_WARN_ABOUT_RETURN_TYPE = YES_ERROR;
				GCC_WARN_UNDECLARED_SELECTOR = YES;
				GCC_WARN_UNINITIALIZED_AUTOS = YES_AGGRESSIVE;
				GCC_WARN_UNUSED_FUNCTION = YES;
				GCC_WARN_UNUSED_VARIABLE = YES;
				IPHONEOS_DEPLOYMENT_TARGET = 13.0;
				MTL_ENABLE_DEBUG_INFO = INCLUDE_SOURCE;
				MTL_FAST_MATH = YES;
				ONLY_ACTIVE_ARCH = YES;
				SDKROOT = iphoneos;
				SWIFT_ACTIVE_COMPILATION_CONDITIONS = DEBUG;
				SWIFT_OPTIMIZATION_LEVEL = "-Onone";
				VERSIONING_SYSTEM = "apple-generic";
				VERSION_INFO_PREFIX = "";
			};
			name = "Debug (Staging)";
		};
		B7B1E3D926A92CFB006E2FF6 /* Debug (Staging) */ = {
			isa = XCBuildConfiguration;
			baseConfigurationReference = B2BDEC0B7E0B08D056D09388 /* Pods-Authen.debug (staging).xcconfig */;
			buildSettings = {
				CLANG_ENABLE_MODULES = YES;
				CODE_SIGN_STYLE = Automatic;
				DEFINES_MODULE = YES;
				DYLIB_COMPATIBILITY_VERSION = 1;
				DYLIB_CURRENT_VERSION = 1;
				DYLIB_INSTALL_NAME_BASE = "@rpath";
				ENABLE_BITCODE = NO;
				INFOPLIST_FILE = Authen/Info.plist;
				INSTALL_PATH = "$(LOCAL_LIBRARY_DIR)/Frameworks";
				LD_RUNPATH_SEARCH_PATHS = (
					"$(inherited)",
					"@executable_path/Frameworks",
					"@loader_path/Frameworks",
				);
				PRODUCT_BUNDLE_IDENTIFIER = com.castcle.Authen;
				PRODUCT_NAME = "$(TARGET_NAME:c99extidentifier)";
				SKIP_INSTALL = YES;
				SWIFT_OPTIMIZATION_LEVEL = "-Onone";
				SWIFT_VERSION = 5.0;
				TARGETED_DEVICE_FAMILY = "1,2";
			};
			name = "Debug (Staging)";
		};
		B7B1E3DA26A92CFE006E2FF6 /* Debug (Development) */ = {
			isa = XCBuildConfiguration;
			buildSettings = {
				ALWAYS_SEARCH_USER_PATHS = NO;
				CLANG_ANALYZER_NONNULL = YES;
				CLANG_ANALYZER_NUMBER_OBJECT_CONVERSION = YES_AGGRESSIVE;
				CLANG_CXX_LANGUAGE_STANDARD = "gnu++14";
				CLANG_CXX_LIBRARY = "libc++";
				CLANG_ENABLE_MODULES = YES;
				CLANG_ENABLE_OBJC_ARC = YES;
				CLANG_ENABLE_OBJC_WEAK = YES;
				CLANG_WARN_BLOCK_CAPTURE_AUTORELEASING = YES;
				CLANG_WARN_BOOL_CONVERSION = YES;
				CLANG_WARN_COMMA = YES;
				CLANG_WARN_CONSTANT_CONVERSION = YES;
				CLANG_WARN_DEPRECATED_OBJC_IMPLEMENTATIONS = YES;
				CLANG_WARN_DIRECT_OBJC_ISA_USAGE = YES_ERROR;
				CLANG_WARN_DOCUMENTATION_COMMENTS = YES;
				CLANG_WARN_EMPTY_BODY = YES;
				CLANG_WARN_ENUM_CONVERSION = YES;
				CLANG_WARN_INFINITE_RECURSION = YES;
				CLANG_WARN_INT_CONVERSION = YES;
				CLANG_WARN_NON_LITERAL_NULL_CONVERSION = YES;
				CLANG_WARN_OBJC_IMPLICIT_RETAIN_SELF = YES;
				CLANG_WARN_OBJC_LITERAL_CONVERSION = YES;
				CLANG_WARN_OBJC_ROOT_CLASS = YES_ERROR;
				CLANG_WARN_QUOTED_INCLUDE_IN_FRAMEWORK_HEADER = YES;
				CLANG_WARN_RANGE_LOOP_ANALYSIS = YES;
				CLANG_WARN_STRICT_PROTOTYPES = YES;
				CLANG_WARN_SUSPICIOUS_MOVE = YES;
				CLANG_WARN_UNGUARDED_AVAILABILITY = YES_AGGRESSIVE;
				CLANG_WARN_UNREACHABLE_CODE = YES;
				CLANG_WARN__DUPLICATE_METHOD_MATCH = YES;
				COPY_PHASE_STRIP = NO;
				CURRENT_PROJECT_VERSION = 1;
				DEBUG_INFORMATION_FORMAT = dwarf;
				ENABLE_BITCODE = NO;
				ENABLE_STRICT_OBJC_MSGSEND = YES;
				ENABLE_TESTABILITY = YES;
				GCC_C_LANGUAGE_STANDARD = gnu11;
				GCC_DYNAMIC_NO_PIC = NO;
				GCC_NO_COMMON_BLOCKS = YES;
				GCC_OPTIMIZATION_LEVEL = 0;
				GCC_PREPROCESSOR_DEFINITIONS = (
					"DEBUG=1",
					"$(inherited)",
				);
				GCC_WARN_64_TO_32_BIT_CONVERSION = YES;
				GCC_WARN_ABOUT_RETURN_TYPE = YES_ERROR;
				GCC_WARN_UNDECLARED_SELECTOR = YES;
				GCC_WARN_UNINITIALIZED_AUTOS = YES_AGGRESSIVE;
				GCC_WARN_UNUSED_FUNCTION = YES;
				GCC_WARN_UNUSED_VARIABLE = YES;
				IPHONEOS_DEPLOYMENT_TARGET = 13.0;
				MTL_ENABLE_DEBUG_INFO = INCLUDE_SOURCE;
				MTL_FAST_MATH = YES;
				ONLY_ACTIVE_ARCH = YES;
				SDKROOT = iphoneos;
				SWIFT_ACTIVE_COMPILATION_CONDITIONS = DEBUG;
				SWIFT_OPTIMIZATION_LEVEL = "-Onone";
				VERSIONING_SYSTEM = "apple-generic";
				VERSION_INFO_PREFIX = "";
			};
			name = "Debug (Development)";
		};
		B7B1E3DB26A92CFE006E2FF6 /* Debug (Development) */ = {
			isa = XCBuildConfiguration;
			baseConfigurationReference = E21C1573E8BC3B1378D38243 /* Pods-Authen.debug (development).xcconfig */;
			buildSettings = {
				CLANG_ENABLE_MODULES = YES;
				CODE_SIGN_STYLE = Automatic;
				DEFINES_MODULE = YES;
				DYLIB_COMPATIBILITY_VERSION = 1;
				DYLIB_CURRENT_VERSION = 1;
				DYLIB_INSTALL_NAME_BASE = "@rpath";
				ENABLE_BITCODE = NO;
				INFOPLIST_FILE = Authen/Info.plist;
				INSTALL_PATH = "$(LOCAL_LIBRARY_DIR)/Frameworks";
				LD_RUNPATH_SEARCH_PATHS = (
					"$(inherited)",
					"@executable_path/Frameworks",
					"@loader_path/Frameworks",
				);
				PRODUCT_BUNDLE_IDENTIFIER = com.castcle.Authen;
				PRODUCT_NAME = "$(TARGET_NAME:c99extidentifier)";
				SKIP_INSTALL = YES;
				SWIFT_OPTIMIZATION_LEVEL = "-Onone";
				SWIFT_VERSION = 5.0;
				TARGETED_DEVICE_FAMILY = "1,2";
			};
			name = "Debug (Development)";
		};
		B7B1E3DC26A92D01006E2FF6 /* Release (Staging) */ = {
			isa = XCBuildConfiguration;
			buildSettings = {
				ALWAYS_SEARCH_USER_PATHS = NO;
				CLANG_ANALYZER_NONNULL = YES;
				CLANG_ANALYZER_NUMBER_OBJECT_CONVERSION = YES_AGGRESSIVE;
				CLANG_CXX_LANGUAGE_STANDARD = "gnu++14";
				CLANG_CXX_LIBRARY = "libc++";
				CLANG_ENABLE_MODULES = YES;
				CLANG_ENABLE_OBJC_ARC = YES;
				CLANG_ENABLE_OBJC_WEAK = YES;
				CLANG_WARN_BLOCK_CAPTURE_AUTORELEASING = YES;
				CLANG_WARN_BOOL_CONVERSION = YES;
				CLANG_WARN_COMMA = YES;
				CLANG_WARN_CONSTANT_CONVERSION = YES;
				CLANG_WARN_DEPRECATED_OBJC_IMPLEMENTATIONS = YES;
				CLANG_WARN_DIRECT_OBJC_ISA_USAGE = YES_ERROR;
				CLANG_WARN_DOCUMENTATION_COMMENTS = YES;
				CLANG_WARN_EMPTY_BODY = YES;
				CLANG_WARN_ENUM_CONVERSION = YES;
				CLANG_WARN_INFINITE_RECURSION = YES;
				CLANG_WARN_INT_CONVERSION = YES;
				CLANG_WARN_NON_LITERAL_NULL_CONVERSION = YES;
				CLANG_WARN_OBJC_IMPLICIT_RETAIN_SELF = YES;
				CLANG_WARN_OBJC_LITERAL_CONVERSION = YES;
				CLANG_WARN_OBJC_ROOT_CLASS = YES_ERROR;
				CLANG_WARN_QUOTED_INCLUDE_IN_FRAMEWORK_HEADER = YES;
				CLANG_WARN_RANGE_LOOP_ANALYSIS = YES;
				CLANG_WARN_STRICT_PROTOTYPES = YES;
				CLANG_WARN_SUSPICIOUS_MOVE = YES;
				CLANG_WARN_UNGUARDED_AVAILABILITY = YES_AGGRESSIVE;
				CLANG_WARN_UNREACHABLE_CODE = YES;
				CLANG_WARN__DUPLICATE_METHOD_MATCH = YES;
				COPY_PHASE_STRIP = NO;
				CURRENT_PROJECT_VERSION = 1;
				DEBUG_INFORMATION_FORMAT = "dwarf-with-dsym";
				ENABLE_BITCODE = NO;
				ENABLE_NS_ASSERTIONS = NO;
				ENABLE_STRICT_OBJC_MSGSEND = YES;
				GCC_C_LANGUAGE_STANDARD = gnu11;
				GCC_NO_COMMON_BLOCKS = YES;
				GCC_WARN_64_TO_32_BIT_CONVERSION = YES;
				GCC_WARN_ABOUT_RETURN_TYPE = YES_ERROR;
				GCC_WARN_UNDECLARED_SELECTOR = YES;
				GCC_WARN_UNINITIALIZED_AUTOS = YES_AGGRESSIVE;
				GCC_WARN_UNUSED_FUNCTION = YES;
				GCC_WARN_UNUSED_VARIABLE = YES;
				IPHONEOS_DEPLOYMENT_TARGET = 13.0;
				MTL_ENABLE_DEBUG_INFO = NO;
				MTL_FAST_MATH = YES;
				SDKROOT = iphoneos;
				SWIFT_COMPILATION_MODE = wholemodule;
				SWIFT_OPTIMIZATION_LEVEL = "-O";
				VALIDATE_PRODUCT = YES;
				VERSIONING_SYSTEM = "apple-generic";
				VERSION_INFO_PREFIX = "";
			};
			name = "Release (Staging)";
		};
		B7B1E3DD26A92D01006E2FF6 /* Release (Staging) */ = {
			isa = XCBuildConfiguration;
			baseConfigurationReference = 03401DFA18E8D2774768D177 /* Pods-Authen.release (staging).xcconfig */;
			buildSettings = {
				CLANG_ENABLE_MODULES = YES;
				CODE_SIGN_STYLE = Automatic;
				DEFINES_MODULE = YES;
				DYLIB_COMPATIBILITY_VERSION = 1;
				DYLIB_CURRENT_VERSION = 1;
				DYLIB_INSTALL_NAME_BASE = "@rpath";
				ENABLE_BITCODE = NO;
				INFOPLIST_FILE = Authen/Info.plist;
				INSTALL_PATH = "$(LOCAL_LIBRARY_DIR)/Frameworks";
				LD_RUNPATH_SEARCH_PATHS = (
					"$(inherited)",
					"@executable_path/Frameworks",
					"@loader_path/Frameworks",
				);
				PRODUCT_BUNDLE_IDENTIFIER = com.castcle.Authen;
				PRODUCT_NAME = "$(TARGET_NAME:c99extidentifier)";
				SKIP_INSTALL = YES;
				SWIFT_VERSION = 5.0;
				TARGETED_DEVICE_FAMILY = "1,2";
			};
			name = "Release (Staging)";
		};
		B7B1E3DE26A92D03006E2FF6 /* Release (Development) */ = {
			isa = XCBuildConfiguration;
			buildSettings = {
				ALWAYS_SEARCH_USER_PATHS = NO;
				CLANG_ANALYZER_NONNULL = YES;
				CLANG_ANALYZER_NUMBER_OBJECT_CONVERSION = YES_AGGRESSIVE;
				CLANG_CXX_LANGUAGE_STANDARD = "gnu++14";
				CLANG_CXX_LIBRARY = "libc++";
				CLANG_ENABLE_MODULES = YES;
				CLANG_ENABLE_OBJC_ARC = YES;
				CLANG_ENABLE_OBJC_WEAK = YES;
				CLANG_WARN_BLOCK_CAPTURE_AUTORELEASING = YES;
				CLANG_WARN_BOOL_CONVERSION = YES;
				CLANG_WARN_COMMA = YES;
				CLANG_WARN_CONSTANT_CONVERSION = YES;
				CLANG_WARN_DEPRECATED_OBJC_IMPLEMENTATIONS = YES;
				CLANG_WARN_DIRECT_OBJC_ISA_USAGE = YES_ERROR;
				CLANG_WARN_DOCUMENTATION_COMMENTS = YES;
				CLANG_WARN_EMPTY_BODY = YES;
				CLANG_WARN_ENUM_CONVERSION = YES;
				CLANG_WARN_INFINITE_RECURSION = YES;
				CLANG_WARN_INT_CONVERSION = YES;
				CLANG_WARN_NON_LITERAL_NULL_CONVERSION = YES;
				CLANG_WARN_OBJC_IMPLICIT_RETAIN_SELF = YES;
				CLANG_WARN_OBJC_LITERAL_CONVERSION = YES;
				CLANG_WARN_OBJC_ROOT_CLASS = YES_ERROR;
				CLANG_WARN_QUOTED_INCLUDE_IN_FRAMEWORK_HEADER = YES;
				CLANG_WARN_RANGE_LOOP_ANALYSIS = YES;
				CLANG_WARN_STRICT_PROTOTYPES = YES;
				CLANG_WARN_SUSPICIOUS_MOVE = YES;
				CLANG_WARN_UNGUARDED_AVAILABILITY = YES_AGGRESSIVE;
				CLANG_WARN_UNREACHABLE_CODE = YES;
				CLANG_WARN__DUPLICATE_METHOD_MATCH = YES;
				COPY_PHASE_STRIP = NO;
				CURRENT_PROJECT_VERSION = 1;
				DEBUG_INFORMATION_FORMAT = "dwarf-with-dsym";
				ENABLE_BITCODE = NO;
				ENABLE_NS_ASSERTIONS = NO;
				ENABLE_STRICT_OBJC_MSGSEND = YES;
				GCC_C_LANGUAGE_STANDARD = gnu11;
				GCC_NO_COMMON_BLOCKS = YES;
				GCC_WARN_64_TO_32_BIT_CONVERSION = YES;
				GCC_WARN_ABOUT_RETURN_TYPE = YES_ERROR;
				GCC_WARN_UNDECLARED_SELECTOR = YES;
				GCC_WARN_UNINITIALIZED_AUTOS = YES_AGGRESSIVE;
				GCC_WARN_UNUSED_FUNCTION = YES;
				GCC_WARN_UNUSED_VARIABLE = YES;
				IPHONEOS_DEPLOYMENT_TARGET = 13.0;
				MTL_ENABLE_DEBUG_INFO = NO;
				MTL_FAST_MATH = YES;
				SDKROOT = iphoneos;
				SWIFT_COMPILATION_MODE = wholemodule;
				SWIFT_OPTIMIZATION_LEVEL = "-O";
				VALIDATE_PRODUCT = YES;
				VERSIONING_SYSTEM = "apple-generic";
				VERSION_INFO_PREFIX = "";
			};
			name = "Release (Development)";
		};
		B7B1E3DF26A92D03006E2FF6 /* Release (Development) */ = {
			isa = XCBuildConfiguration;
			baseConfigurationReference = 2E2238E7DB19EB3E432298AD /* Pods-Authen.release (development).xcconfig */;
			buildSettings = {
				CLANG_ENABLE_MODULES = YES;
				CODE_SIGN_STYLE = Automatic;
				DEFINES_MODULE = YES;
				DYLIB_COMPATIBILITY_VERSION = 1;
				DYLIB_CURRENT_VERSION = 1;
				DYLIB_INSTALL_NAME_BASE = "@rpath";
				ENABLE_BITCODE = NO;
				INFOPLIST_FILE = Authen/Info.plist;
				INSTALL_PATH = "$(LOCAL_LIBRARY_DIR)/Frameworks";
				LD_RUNPATH_SEARCH_PATHS = (
					"$(inherited)",
					"@executable_path/Frameworks",
					"@loader_path/Frameworks",
				);
				PRODUCT_BUNDLE_IDENTIFIER = com.castcle.Authen;
				PRODUCT_NAME = "$(TARGET_NAME:c99extidentifier)";
				SKIP_INSTALL = YES;
				SWIFT_VERSION = 5.0;
				TARGETED_DEVICE_FAMILY = "1,2";
			};
			name = "Release (Development)";
		};
/* End XCBuildConfiguration section */

/* Begin XCConfigurationList section */
		B7B1E3C726A92C48006E2FF6 /* Build configuration list for PBXProject "Authen" */ = {
			isa = XCConfigurationList;
			buildConfigurations = (
				B7B1E3D326A92C48006E2FF6 /* Debug (Production) */,
				B7B1E3D826A92CFB006E2FF6 /* Debug (Staging) */,
				B7B1E3DA26A92CFE006E2FF6 /* Debug (Development) */,
				B7B1E3D426A92C48006E2FF6 /* Release (Production) */,
				B7B1E3DC26A92D01006E2FF6 /* Release (Staging) */,
				B7B1E3DE26A92D03006E2FF6 /* Release (Development) */,
			);
			defaultConfigurationIsVisible = 0;
			defaultConfigurationName = "Release (Production)";
		};
		B7B1E3D526A92C48006E2FF6 /* Build configuration list for PBXNativeTarget "Authen" */ = {
			isa = XCConfigurationList;
			buildConfigurations = (
				B7B1E3D626A92C48006E2FF6 /* Debug (Production) */,
				B7B1E3D926A92CFB006E2FF6 /* Debug (Staging) */,
				B7B1E3DB26A92CFE006E2FF6 /* Debug (Development) */,
				B7B1E3D726A92C48006E2FF6 /* Release (Production) */,
				B7B1E3DD26A92D01006E2FF6 /* Release (Staging) */,
				B7B1E3DF26A92D03006E2FF6 /* Release (Development) */,
			);
			defaultConfigurationIsVisible = 0;
			defaultConfigurationName = "Release (Production)";
		};
/* End XCConfigurationList section */
	};
	rootObject = B7B1E3C426A92C48006E2FF6 /* Project object */;
}
